
Microsoft Visual Studio Solution File, Format Version 12.00
# Visual Studio 14
VisualStudioVersion = 14.0.25420.1
MinimumVisualStudioVersion = 10.0.40219.1
Project("{FAE04EC0-301F-11D3-BF4B-00C04F79EFBC}") = "MonkeyOthello.Core", "MonkeyOthello.Core\MonkeyOthello.Core.csproj", "{E71C88C4-3CA7-45D7-AEDD-1FA4B26B5FE4}"
EndProject
Project("{FAE04EC0-301F-11D3-BF4B-00C04F79EFBC}") = "MonkeyOthello.Tests", "MonkeyOthello.Tests\MonkeyOthello.Tests.csproj", "{9C6C0D59-DE01-4A7F-A9BE-EBCEB71FD40F}"
EndProject
Project("{FAE04EC0-301F-11D3-BF4B-00C04F79EFBC}") = "MonkeyOthello.App", "MonkeyOthello.App\MonkeyOthello.App.csproj", "{6C1CB7B6-CEBA-4CA3-9E05-9EC4671EB1B2}"
EndProject
Project("{FAE04EC0-301F-11D3-BF4B-00C04F79EFBC}") = "MonkeyOthello.Learning", "MonkeyOthello.Learning\MonkeyOthello.Learning.csproj", "{C6734C71-9439-426A-8A63-6B0F45BD0CC1}"
EndProject
Project("{FAE04EC0-301F-11D3-BF4B-00C04F79EFBC}") = "MonkeyOthello.Engines.X", "MonkeyOthello.Engines.X\MonkeyOthello.Engines.X.csproj", "{62F75F98-A6D7-4A11-8D29-BC164D9BE6AA}"
EndProject
Project("{FAE04EC0-301F-11D3-BF4B-00C04F79EFBC}") = "MonkeyOthello.Colosseum", "MonkeyOthello.Colosseum\MonkeyOthello.Colosseum.csproj", "{C19832F8-0AF1-480D-953E-C48F5B677565}"
EndProject
Project("{2150E333-8FDC-42A3-9474-1A3956D46DE8}") = "Training", "Training", "{8141EFC6-6197-4E7C-BDD6-1BCEB91B1D58}"
EndProject
Project("{FAE04EC0-301F-11D3-BF4B-00C04F79EFBC}") = "MonkeyOthello.Colosseum.Platform", "MonkeyOthello.Colosseum.Platform\MonkeyOthello.Colosseum.Platform.csproj", "{F1F40814-856D-465C-B818-412FDF02E132}"
EndProject
Project("{FAE04EC0-301F-11D3-BF4B-00C04F79EFBC}") = "MonkeyOthello.Engines.V2", "MonkeyOthello.Engines.V2\MonkeyOthello.Engines.V2.csproj", "{08C0D05D-EB26-413E-9A06-3ABBDB397C87}"
EndProject
Project("{2150E333-8FDC-42A3-9474-1A3956D46DE8}") = "Engines", "Engines", "{8DBBCAB5-F7C5-4FAE-95A8-F5D951270D9E}"
EndProject
Project("{FAE04EC0-301F-11D3-BF4B-00C04F79EFBC}") = "MonkeyOthello.Learning.Platform", "MonkeyOthello.Learning.Platform\MonkeyOthello.Learning.Platform.csproj", "{84A32704-7A0E-4CD1-8D8D-A712FC0DAA4C}"
EndProject
Global
	GlobalSection(SolutionConfigurationPlatforms) = preSolution
		Debug|Any CPU = Debug|Any CPU
		Release|Any CPU = Release|Any CPU
	EndGlobalSection
	GlobalSection(ProjectConfigurationPlatforms) = postSolution
		{E71C88C4-3CA7-45D7-AEDD-1FA4B26B5FE4}.Debug|Any CPU.ActiveCfg = Debug|Any CPU
		{E71C88C4-3CA7-45D7-AEDD-1FA4B26B5FE4}.Debug|Any CPU.Build.0 = Debug|Any CPU
		{E71C88C4-3CA7-45D7-AEDD-1FA4B26B5FE4}.Release|Any CPU.ActiveCfg = Release|Any CPU
		{E71C88C4-3CA7-45D7-AEDD-1FA4B26B5FE4}.Release|Any CPU.Build.0 = Release|Any CPU
		{9C6C0D59-DE01-4A7F-A9BE-EBCEB71FD40F}.Debug|Any CPU.ActiveCfg = Debug|Any CPU
		{9C6C0D59-DE01-4A7F-A9BE-EBCEB71FD40F}.Debug|Any CPU.Build.0 = Debug|Any CPU
		{9C6C0D59-DE01-4A7F-A9BE-EBCEB71FD40F}.Release|Any CPU.ActiveCfg = Release|Any CPU
		{9C6C0D59-DE01-4A7F-A9BE-EBCEB71FD40F}.Release|Any CPU.Build.0 = Release|Any CPU
		{6C1CB7B6-CEBA-4CA3-9E05-9EC4671EB1B2}.Debug|Any CPU.ActiveCfg = Debug|Any CPU
		{6C1CB7B6-CEBA-4CA3-9E05-9EC4671EB1B2}.Debug|Any CPU.Build.0 = Debug|Any CPU
		{6C1CB7B6-CEBA-4CA3-9E05-9EC4671EB1B2}.Release|Any CPU.ActiveCfg = Release|Any CPU
		{6C1CB7B6-CEBA-4CA3-9E05-9EC4671EB1B2}.Release|Any CPU.Build.0 = Release|Any CPU
		{C6734C71-9439-426A-8A63-6B0F45BD0CC1}.Debug|Any CPU.ActiveCfg = Debug|Any CPU
		{C6734C71-9439-426A-8A63-6B0F45BD0CC1}.Debug|Any CPU.Build.0 = Debug|Any CPU
		{C6734C71-9439-426A-8A63-6B0F45BD0CC1}.Release|Any CPU.ActiveCfg = Release|Any CPU
		{C6734C71-9439-426A-8A63-6B0F45BD0CC1}.Release|Any CPU.Build.0 = Release|Any CPU
		{62F75F98-A6D7-4A11-8D29-BC164D9BE6AA}.Debug|Any CPU.ActiveCfg = Debug|Any CPU
		{62F75F98-A6D7-4A11-8D29-BC164D9BE6AA}.Debug|Any CPU.Build.0 = Debug|Any CPU
		{62F75F98-A6D7-4A11-8D29-BC164D9BE6AA}.Release|Any CPU.ActiveCfg = Release|Any CPU
		{62F75F98-A6D7-4A11-8D29-BC164D9BE6AA}.Release|Any CPU.Build.0 = Release|Any CPU
		{C19832F8-0AF1-480D-953E-C48F5B677565}.Debug|Any CPU.ActiveCfg = Debug|Any CPU
		{C19832F8-0AF1-480D-953E-C48F5B677565}.Debug|Any CPU.Build.0 = Debug|Any CPU
		{C19832F8-0AF1-480D-953E-C48F5B677565}.Release|Any CPU.ActiveCfg = Release|Any CPU
		{C19832F8-0AF1-480D-953E-C48F5B677565}.Release|Any CPU.Build.0 = Release|Any CPU
		{F1F40814-856D-465C-B818-412FDF02E132}.Debug|Any CPU.ActiveCfg = Debug|Any CPU
		{F1F40814-856D-465C-B818-412FDF02E132}.Debug|Any CPU.Build.0 = Debug|Any CPU
		{F1F40814-856D-465C-B818-412FDF02E132}.Release|Any CPU.ActiveCfg = Release|Any CPU
		{F1F40814-856D-465C-B818-412FDF02E132}.Release|Any CPU.Build.0 = Release|Any CPU
		{08C0D05D-EB26-413E-9A06-3ABBDB397C87}.Debug|Any CPU.ActiveCfg = Debug|Any CPU
		{08C0D05D-EB26-413E-9A06-3ABBDB397C87}.Debug|Any CPU.Build.0 = Debug|Any CPU
		{08C0D05D-EB26-413E-9A06-3ABBDB397C87}.Release|Any CPU.ActiveCfg = Release|Any CPU
		{08C0D05D-EB26-413E-9A06-3ABBDB397C87}.Release|Any CPU.Build.0 = Release|Any CPU
		{84A32704-7A0E-4CD1-8D8D-A712FC0DAA4C}.Debug|Any CPU.ActiveCfg = Debug|Any CPU
		{84A32704-7A0E-4CD1-8D8D-A712FC0DAA4C}.Debug|Any CPU.Build.0 = Debug|Any CPU
		{84A32704-7A0E-4CD1-8D8D-A712FC0DAA4C}.Release|Any CPU.ActiveCfg = Release|Any CPU
		{84A32704-7A0E-4CD1-8D8D-A712FC0DAA4C}.Release|Any CPU.Build.0 = Release|Any CPU
	EndGlobalSection
	GlobalSection(SolutionProperties) = preSolution
		HideSolutionNode = FALSE
	EndGlobalSection
	GlobalSection(NestedProjects) = preSolution
		{C6734C71-9439-426A-8A63-6B0F45BD0CC1} = {8141EFC6-6197-4E7C-BDD6-1BCEB91B1D58}
		{62F75F98-A6D7-4A11-8D29-BC164D9BE6AA} = {8DBBCAB5-F7C5-4FAE-95A8-F5D951270D9E}
		{C19832F8-0AF1-480D-953E-C48F5B677565} = {8141EFC6-6197-4E7C-BDD6-1BCEB91B1D58}
		{F1F40814-856D-465C-B818-412FDF02E132} = {8141EFC6-6197-4E7C-BDD6-1BCEB91B1D58}
		{08C0D05D-EB26-413E-9A06-3ABBDB397C87} = {8DBBCAB5-F7C5-4FAE-95A8-F5D951270D9E}
		{84A32704-7A0E-4CD1-8D8D-A712FC0DAA4C} = {8141EFC6-6197-4E7C-BDD6-1BCEB91B1D58}
	EndGlobalSection
EndGlobal
